# This file is automatically @generated by Poetry 2.0.1 and should not be changed by hand.

[[package]]
name = "black"
version = "25.1.0"
description = "The uncompromising code formatter."
optional = false
python-versions = ">=3.9"
groups = ["dev"]
files = [
    {file = "black-25.1.0-cp310-cp310-macosx_10_9_x86_64.whl", hash = "sha256:759e7ec1e050a15f89b770cefbf91ebee8917aac5c20483bc2d80a6c3a04df32"},
    {file = "black-25.1.0-cp310-cp310-macosx_11_0_arm64.whl", hash = "sha256:0e519ecf93120f34243e6b0054db49c00a35f84f195d5bce7e9f5cfc578fc2da"},
    {file = "black-25.1.0-cp310-cp310-manylinux_2_17_x86_64.manylinux2014_x86_64.manylinux_2_28_x86_64.whl", hash = "sha256:055e59b198df7ac0b7efca5ad7ff2516bca343276c466be72eb04a3bcc1f82d7"},
    {file = "black-25.1.0-cp310-cp310-win_amd64.whl", hash = "sha256:db8ea9917d6f8fc62abd90d944920d95e73c83a5ee3383493e35d271aca872e9"},
    {file = "black-25.1.0-cp311-cp311-macosx_10_9_x86_64.whl", hash = "sha256:a39337598244de4bae26475f77dda852ea00a93bd4c728e09eacd827ec929df0"},
    {file = "black-25.1.0-cp311-cp311-macosx_11_0_arm64.whl", hash = "sha256:96c1c7cd856bba8e20094e36e0f948718dc688dba4a9d78c3adde52b9e6c2299"},
    {file = "black-25.1.0-cp311-cp311-manylinux_2_17_x86_64.manylinux2014_x86_64.manylinux_2_28_x86_64.whl", hash = "sha256:bce2e264d59c91e52d8000d507eb20a9aca4a778731a08cfff7e5ac4a4bb7096"},
    {file = "black-25.1.0-cp311-cp311-win_amd64.whl", hash = "sha256:172b1dbff09f86ce6f4eb8edf9dede08b1fce58ba194c87d7a4f1a5aa2f5b3c2"},
    {file = "black-25.1.0-cp312-cp312-macosx_10_13_x86_64.whl", hash = "sha256:4b60580e829091e6f9238c848ea6750efed72140b91b048770b64e74fe04908b"},
    {file = "black-25.1.0-cp312-cp312-macosx_11_0_arm64.whl", hash = "sha256:1e2978f6df243b155ef5fa7e558a43037c3079093ed5d10fd84c43900f2d8ecc"},
    {file = "black-25.1.0-cp312-cp312-manylinux_2_17_x86_64.manylinux2014_x86_64.manylinux_2_28_x86_64.whl", hash = "sha256:3b48735872ec535027d979e8dcb20bf4f70b5ac75a8ea99f127c106a7d7aba9f"},
    {file = "black-25.1.0-cp312-cp312-win_amd64.whl", hash = "sha256:ea0213189960bda9cf99be5b8c8ce66bb054af5e9e861249cd23471bd7b0b3ba"},
    {file = "black-25.1.0-cp313-cp313-macosx_10_13_x86_64.whl", hash = "sha256:8f0b18a02996a836cc9c9c78e5babec10930862827b1b724ddfe98ccf2f2fe4f"},
    {file = "black-25.1.0-cp313-cp313-macosx_11_0_arm64.whl", hash = "sha256:afebb7098bfbc70037a053b91ae8437c3857482d3a690fefc03e9ff7aa9a5fd3"},
    {file = "black-25.1.0-cp313-cp313-manylinux_2_17_x86_64.manylinux2014_x86_64.manylinux_2_28_x86_64.whl", hash = "sha256:030b9759066a4ee5e5aca28c3c77f9c64789cdd4de8ac1df642c40b708be6171"},
    {file = "black-25.1.0-cp313-cp313-win_amd64.whl", hash = "sha256:a22f402b410566e2d1c950708c77ebf5ebd5d0d88a6a2e87c86d9fb48afa0d18"},
    {file = "black-25.1.0-cp39-cp39-macosx_10_9_x86_64.whl", hash = "sha256:a1ee0a0c330f7b5130ce0caed9936a904793576ef4d2b98c40835d6a65afa6a0"},
    {file = "black-25.1.0-cp39-cp39-macosx_11_0_arm64.whl", hash = "sha256:f3df5f1bf91d36002b0a75389ca8663510cf0531cca8aa5c1ef695b46d98655f"},
    {file = "black-25.1.0-cp39-cp39-manylinux_2_17_x86_64.manylinux2014_x86_64.manylinux_2_28_x86_64.whl", hash = "sha256:d9e6827d563a2c820772b32ce8a42828dc6790f095f441beef18f96aa6f8294e"},
    {file = "black-25.1.0-cp39-cp39-win_amd64.whl", hash = "sha256:bacabb307dca5ebaf9c118d2d2f6903da0d62c9faa82bd21a33eecc319559355"},
    {file = "black-25.1.0-py3-none-any.whl", hash = "sha256:95e8176dae143ba9097f351d174fdaf0ccd29efb414b362ae3fd72bf0f710717"},
    {file = "black-25.1.0.tar.gz", hash = "sha256:33496d5cd1222ad73391352b4ae8da15253c5de89b93a80b3e2c8d9a19ec2666"},
]

[package.dependencies]
click = ">=8.0.0"
mypy-extensions = ">=0.4.3"
packaging = ">=22.0"
pathspec = ">=0.9.0"
platformdirs = ">=2"

[package.extras]
colorama = ["colorama (>=0.4.3)"]
d = ["aiohttp (>=3.10)"]
jupyter = ["ipython (>=7.8.0)", "tokenize-rt (>=3.2.0)"]
uvloop = ["uvloop (>=0.15.2)"]

[[package]]
name = "click"
version = "8.1.8"
description = "Composable command line interface toolkit"
optional = false
python-versions = ">=3.7"
groups = ["dev"]
files = [
    {file = "click-8.1.8-py3-none-any.whl", hash = "sha256:63c132bbbed01578a06712a2d1f497bb62d9c1c0d329b7903a866228027263b2"},
    {file = "click-8.1.8.tar.gz", hash = "sha256:ed53c9d8990d83c2a27deae68e4ee337473f6330c040a31d4225c9574d16096a"},
]

[package.dependencies]
colorama = {version = "*", markers = "platform_system == \"Windows\""}

[[package]]
name = "colorama"
version = "0.4.6"
description = "Cross-platform colored terminal text."
optional = false
python-versions = "!=3.0.*,!=3.1.*,!=3.2.*,!=3.3.*,!=3.4.*,!=3.5.*,!=3.6.*,>=2.7"
groups = ["dev"]
markers = "sys_platform == \"win32\" or platform_system == \"Windows\""
files = [
    {file = "colorama-0.4.6-py2.py3-none-any.whl", hash = "sha256:4f1d9991f5acc0ca119f9d443620b77f9d6b33703e51011c16baf57afb285fc6"},
    {file = "colorama-0.4.6.tar.gz", hash = "sha256:08695f5cb7ed6e0531a20572697297273c47b8cae5a63ffc6d6ed5c201be6e44"},
]

[[package]]
name = "coverage"
version = "7.6.12"
description = "Code coverage measurement for Python"
optional = false
python-versions = ">=3.9"
groups = ["dev"]
files = [
    {file = "coverage-7.6.12-cp310-cp310-macosx_10_9_x86_64.whl", hash = "sha256:704c8c8c6ce6569286ae9622e534b4f5b9759b6f2cd643f1c1a61f666d534fe8"},
    {file = "coverage-7.6.12-cp310-cp310-macosx_11_0_arm64.whl", hash = "sha256:ad7525bf0241e5502168ae9c643a2f6c219fa0a283001cee4cf23a9b7da75879"},
    {file = "coverage-7.6.12-cp310-cp310-manylinux_2_17_aarch64.manylinux2014_aarch64.whl", hash = "sha256:06097c7abfa611c91edb9e6920264e5be1d6ceb374efb4986f38b09eed4cb2fe"},
    {file = "coverage-7.6.12-cp310-cp310-manylinux_2_5_i686.manylinux1_i686.manylinux_2_17_i686.manylinux2014_i686.whl", hash = "sha256:220fa6c0ad7d9caef57f2c8771918324563ef0d8272c94974717c3909664e674"},
    {file = "coverage-7.6.12-cp310-cp310-manylinux_2_5_x86_64.manylinux1_x86_64.manylinux_2_17_x86_64.manylinux2014_x86_64.whl", hash = "sha256:3688b99604a24492bcfe1c106278c45586eb819bf66a654d8a9a1433022fb2eb"},
    {file = "coverage-7.6.12-cp310-cp310-musllinux_1_2_aarch64.whl", hash = "sha256:d1a987778b9c71da2fc8948e6f2656da6ef68f59298b7e9786849634c35d2c3c"},
    {file = "coverage-7.6.12-cp310-cp310-musllinux_1_2_i686.whl", hash = "sha256:cec6b9ce3bd2b7853d4a4563801292bfee40b030c05a3d29555fd2a8ee9bd68c"},
    {file = "coverage-7.6.12-cp310-cp310-musllinux_1_2_x86_64.whl", hash = "sha256:ace9048de91293e467b44bce0f0381345078389814ff6e18dbac8fdbf896360e"},
    {file = "coverage-7.6.12-cp310-cp310-win32.whl", hash = "sha256:ea31689f05043d520113e0552f039603c4dd71fa4c287b64cb3606140c66f425"},
    {file = "coverage-7.6.12-cp310-cp310-win_amd64.whl", hash = "sha256:676f92141e3c5492d2a1596d52287d0d963df21bf5e55c8b03075a60e1ddf8aa"},
    {file = "coverage-7.6.12-cp311-cp311-macosx_10_9_x86_64.whl", hash = "sha256:e18aafdfb3e9ec0d261c942d35bd7c28d031c5855dadb491d2723ba54f4c3015"},
    {file = "coverage-7.6.12-cp311-cp311-macosx_11_0_arm64.whl", hash = "sha256:66fe626fd7aa5982cdebad23e49e78ef7dbb3e3c2a5960a2b53632f1f703ea45"},
    {file = "coverage-7.6.12-cp311-cp311-manylinux_2_17_aarch64.manylinux2014_aarch64.whl", hash = "sha256:0ef01d70198431719af0b1f5dcbefc557d44a190e749004042927b2a3fed0702"},
    {file = "coverage-7.6.12-cp311-cp311-manylinux_2_5_i686.manylinux1_i686.manylinux_2_17_i686.manylinux2014_i686.whl", hash = "sha256:07e92ae5a289a4bc4c0aae710c0948d3c7892e20fd3588224ebe242039573bf0"},
    {file = "coverage-7.6.12-cp311-cp311-manylinux_2_5_x86_64.manylinux1_x86_64.manylinux_2_17_x86_64.manylinux2014_x86_64.whl", hash = "sha256:e695df2c58ce526eeab11a2e915448d3eb76f75dffe338ea613c1201b33bab2f"},
    {file = "coverage-7.6.12-cp311-cp311-musllinux_1_2_aarch64.whl", hash = "sha256:d74c08e9aaef995f8c4ef6d202dbd219c318450fe2a76da624f2ebb9c8ec5d9f"},
    {file = "coverage-7.6.12-cp311-cp311-musllinux_1_2_i686.whl", hash = "sha256:e995b3b76ccedc27fe4f477b349b7d64597e53a43fc2961db9d3fbace085d69d"},
    {file = "coverage-7.6.12-cp311-cp311-musllinux_1_2_x86_64.whl", hash = "sha256:b1f097878d74fe51e1ddd1be62d8e3682748875b461232cf4b52ddc6e6db0bba"},
    {file = "coverage-7.6.12-cp311-cp311-win32.whl", hash = "sha256:1f7ffa05da41754e20512202c866d0ebfc440bba3b0ed15133070e20bf5aeb5f"},
    {file = "coverage-7.6.12-cp311-cp311-win_amd64.whl", hash = "sha256:e216c5c45f89ef8971373fd1c5d8d1164b81f7f5f06bbf23c37e7908d19e8558"},
    {file = "coverage-7.6.12-cp312-cp312-macosx_10_13_x86_64.whl", hash = "sha256:b172f8e030e8ef247b3104902cc671e20df80163b60a203653150d2fc204d1ad"},
    {file = "coverage-7.6.12-cp312-cp312-macosx_11_0_arm64.whl", hash = "sha256:641dfe0ab73deb7069fb972d4d9725bf11c239c309ce694dd50b1473c0f641c3"},
    {file = "coverage-7.6.12-cp312-cp312-manylinux_2_17_aarch64.manylinux2014_aarch64.whl", hash = "sha256:0e549f54ac5f301e8e04c569dfdb907f7be71b06b88b5063ce9d6953d2d58574"},
    {file = "coverage-7.6.12-cp312-cp312-manylinux_2_5_i686.manylinux1_i686.manylinux_2_17_i686.manylinux2014_i686.whl", hash = "sha256:959244a17184515f8c52dcb65fb662808767c0bd233c1d8a166e7cf74c9ea985"},
    {file = "coverage-7.6.12-cp312-cp312-manylinux_2_5_x86_64.manylinux1_x86_64.manylinux_2_17_x86_64.manylinux2014_x86_64.whl", hash = "sha256:bda1c5f347550c359f841d6614fb8ca42ae5cb0b74d39f8a1e204815ebe25750"},
    {file = "coverage-7.6.12-cp312-cp312-musllinux_1_2_aarch64.whl", hash = "sha256:1ceeb90c3eda1f2d8c4c578c14167dbd8c674ecd7d38e45647543f19839dd6ea"},
    {file = "coverage-7.6.12-cp312-cp312-musllinux_1_2_i686.whl", hash = "sha256:0f16f44025c06792e0fb09571ae454bcc7a3ec75eeb3c36b025eccf501b1a4c3"},
    {file = "coverage-7.6.12-cp312-cp312-musllinux_1_2_x86_64.whl", hash = "sha256:b076e625396e787448d27a411aefff867db2bffac8ed04e8f7056b07024eed5a"},
    {file = "coverage-7.6.12-cp312-cp312-win32.whl", hash = "sha256:00b2086892cf06c7c2d74983c9595dc511acca00665480b3ddff749ec4fb2a95"},
    {file = "coverage-7.6.12-cp312-cp312-win_amd64.whl", hash = "sha256:7ae6eabf519bc7871ce117fb18bf14e0e343eeb96c377667e3e5dd12095e0288"},
    {file = "coverage-7.6.12-cp313-cp313-macosx_10_13_x86_64.whl", hash = "sha256:488c27b3db0ebee97a830e6b5a3ea930c4a6e2c07f27a5e67e1b3532e76b9ef1"},
    {file = "coverage-7.6.12-cp313-cp313-macosx_11_0_arm64.whl", hash = "sha256:5d1095bbee1851269f79fd8e0c9b5544e4c00c0c24965e66d8cba2eb5bb535fd"},
    {file = "coverage-7.6.12-cp313-cp313-manylinux_2_17_aarch64.manylinux2014_aarch64.whl", hash = "sha256:0533adc29adf6a69c1baa88c3d7dbcaadcffa21afbed3ca7a225a440e4744bf9"},
    {file = "coverage-7.6.12-cp313-cp313-manylinux_2_5_i686.manylinux1_i686.manylinux_2_17_i686.manylinux2014_i686.whl", hash = "sha256:53c56358d470fa507a2b6e67a68fd002364d23c83741dbc4c2e0680d80ca227e"},
    {file = "coverage-7.6.12-cp313-cp313-manylinux_2_5_x86_64.manylinux1_x86_64.manylinux_2_17_x86_64.manylinux2014_x86_64.whl", hash = "sha256:64cbb1a3027c79ca6310bf101014614f6e6e18c226474606cf725238cf5bc2d4"},
    {file = "coverage-7.6.12-cp313-cp313-musllinux_1_2_aarch64.whl", hash = "sha256:79cac3390bfa9836bb795be377395f28410811c9066bc4eefd8015258a7578c6"},
    {file = "coverage-7.6.12-cp313-cp313-musllinux_1_2_i686.whl", hash = "sha256:9b148068e881faa26d878ff63e79650e208e95cf1c22bd3f77c3ca7b1d9821a3"},
    {file = "coverage-7.6.12-cp313-cp313-musllinux_1_2_x86_64.whl", hash = "sha256:8bec2ac5da793c2685ce5319ca9bcf4eee683b8a1679051f8e6ec04c4f2fd7dc"},
    {file = "coverage-7.6.12-cp313-cp313-win32.whl", hash = "sha256:200e10beb6ddd7c3ded322a4186313d5ca9e63e33d8fab4faa67ef46d3460af3"},
    {file = "coverage-7.6.12-cp313-cp313-win_amd64.whl", hash = "sha256:2b996819ced9f7dbb812c701485d58f261bef08f9b85304d41219b1496b591ef"},
    {file = "coverage-7.6.12-cp313-cp313t-macosx_10_13_x86_64.whl", hash = "sha256:299cf973a7abff87a30609879c10df0b3bfc33d021e1adabc29138a48888841e"},
    {file = "coverage-7.6.12-cp313-cp313t-macosx_11_0_arm64.whl", hash = "sha256:4b467a8c56974bf06e543e69ad803c6865249d7a5ccf6980457ed2bc50312703"},
    {file = "coverage-7.6.12-cp313-cp313t-manylinux_2_17_aarch64.manylinux2014_aarch64.whl", hash = "sha256:2458f275944db8129f95d91aee32c828a408481ecde3b30af31d552c2ce284a0"},
    {file = "coverage-7.6.12-cp313-cp313t-manylinux_2_5_i686.manylinux1_i686.manylinux_2_17_i686.manylinux2014_i686.whl", hash = "sha256:0a9d8be07fb0832636a0f72b80d2a652fe665e80e720301fb22b191c3434d924"},
    {file = "coverage-7.6.12-cp313-cp313t-manylinux_2_5_x86_64.manylinux1_x86_64.manylinux_2_17_x86_64.manylinux2014_x86_64.whl", hash = "sha256:14d47376a4f445e9743f6c83291e60adb1b127607a3618e3185bbc8091f0467b"},
    {file = "coverage-7.6.12-cp313-cp313t-musllinux_1_2_aarch64.whl", hash = "sha256:b95574d06aa9d2bd6e5cc35a5bbe35696342c96760b69dc4287dbd5abd4ad51d"},
    {file = "coverage-7.6.12-cp313-cp313t-musllinux_1_2_i686.whl", hash = "sha256:ecea0c38c9079570163d663c0433a9af4094a60aafdca491c6a3d248c7432827"},
    {file = "coverage-7.6.12-cp313-cp313t-musllinux_1_2_x86_64.whl", hash = "sha256:2251fabcfee0a55a8578a9d29cecfee5f2de02f11530e7d5c5a05859aa85aee9"},
    {file = "coverage-7.6.12-cp313-cp313t-win32.whl", hash = "sha256:eb5507795caabd9b2ae3f1adc95f67b1104971c22c624bb354232d65c4fc90b3"},
    {file = "coverage-7.6.12-cp313-cp313t-win_amd64.whl", hash = "sha256:f60a297c3987c6c02ffb29effc70eadcbb412fe76947d394a1091a3615948e2f"},
    {file = "coverage-7.6.12-cp39-cp39-macosx_10_9_x86_64.whl", hash = "sha256:e7575ab65ca8399c8c4f9a7d61bbd2d204c8b8e447aab9d355682205c9dd948d"},
    {file = "coverage-7.6.12-cp39-cp39-macosx_11_0_arm64.whl", hash = "sha256:8161d9fbc7e9fe2326de89cd0abb9f3599bccc1287db0aba285cb68d204ce929"},
    {file = "coverage-7.6.12-cp39-cp39-manylinux_2_17_aarch64.manylinux2014_aarch64.whl", hash = "sha256:3a1e465f398c713f1b212400b4e79a09829cd42aebd360362cd89c5bdc44eb87"},
    {file = "coverage-7.6.12-cp39-cp39-manylinux_2_5_i686.manylinux1_i686.manylinux_2_17_i686.manylinux2014_i686.whl", hash = "sha256:f25d8b92a4e31ff1bd873654ec367ae811b3a943583e05432ea29264782dc32c"},
    {file = "coverage-7.6.12-cp39-cp39-manylinux_2_5_x86_64.manylinux1_x86_64.manylinux_2_17_x86_64.manylinux2014_x86_64.whl", hash = "sha256:1a936309a65cc5ca80fa9f20a442ff9e2d06927ec9a4f54bcba9c14c066323f2"},
    {file = "coverage-7.6.12-cp39-cp39-musllinux_1_2_aarch64.whl", hash = "sha256:aa6f302a3a0b5f240ee201297fff0bbfe2fa0d415a94aeb257d8b461032389bd"},
    {file = "coverage-7.6.12-cp39-cp39-musllinux_1_2_i686.whl", hash = "sha256:f973643ef532d4f9be71dd88cf7588936685fdb576d93a79fe9f65bc337d9d73"},
    {file = "coverage-7.6.12-cp39-cp39-musllinux_1_2_x86_64.whl", hash = "sha256:78f5243bb6b1060aed6213d5107744c19f9571ec76d54c99cc15938eb69e0e86"},
    {file = "coverage-7.6.12-cp39-cp39-win32.whl", hash = "sha256:69e62c5034291c845fc4df7f8155e8544178b6c774f97a99e2734b05eb5bed31"},
    {file = "coverage-7.6.12-cp39-cp39-win_amd64.whl", hash = "sha256:b01a840ecc25dce235ae4c1b6a0daefb2a203dba0e6e980637ee9c2f6ee0df57"},
    {file = "coverage-7.6.12-pp39.pp310-none-any.whl", hash = "sha256:7e39e845c4d764208e7b8f6a21c541ade741e2c41afabdfa1caa28687a3c98cf"},
    {file = "coverage-7.6.12-py3-none-any.whl", hash = "sha256:eb8668cfbc279a536c633137deeb9435d2962caec279c3f8cf8b91fff6ff8953"},
    {file = "coverage-7.6.12.tar.gz", hash = "sha256:48cfc4641d95d34766ad41d9573cc0f22a48aa88d22657a1fe01dca0dbae4de2"},
]

[package.extras]
toml = ["tomli"]

[[package]]
name = "iniconfig"
version = "2.0.0"
description = "brain-dead simple config-ini parsing"
optional = false
python-versions = ">=3.7"
groups = ["dev"]
files = [
    {file = "iniconfig-2.0.0-py3-none-any.whl", hash = "sha256:b6a85871a79d2e3b22d2d1b94ac2824226a63c6b741c88f7ae975f18b6778374"},
    {file = "iniconfig-2.0.0.tar.gz", hash = "sha256:2d91e135bf72d31a410b17c16da610a82cb55f6b0477d1a902134b24a455b8b3"},
]

[[package]]
name = "isort"
version = "6.0.0"
description = "A Python utility / library to sort Python imports."
optional = false
python-versions = ">=3.9.0"
groups = ["dev"]
files = [
    {file = "isort-6.0.0-py3-none-any.whl", hash = "sha256:567954102bb47bb12e0fae62606570faacddd441e45683968c8d1734fb1af892"},
    {file = "isort-6.0.0.tar.gz", hash = "sha256:75d9d8a1438a9432a7d7b54f2d3b45cad9a4a0fdba43617d9873379704a8bdf1"},
]

[package.extras]
colors = ["colorama"]
plugins = ["setuptools"]

[[package]]
name = "mypy-extensions"
version = "1.0.0"
description = "Type system extensions for programs checked with the mypy type checker."
optional = false
python-versions = ">=3.5"
groups = ["dev"]
files = [
    {file = "mypy_extensions-1.0.0-py3-none-any.whl", hash = "sha256:4392f6c0eb8a5668a69e23d168ffa70f0be9ccfd32b5cc2d26a34ae5b844552d"},
    {file = "mypy_extensions-1.0.0.tar.gz", hash = "sha256:75dbf8955dc00442a438fc4d0666508a9a97b6bd41aa2f0ffe9d2f2725af0782"},
]

[[package]]
name = "packaging"
version = "24.2"
description = "Core utilities for Python packages"
optional = false
python-versions = ">=3.8"
groups = ["dev"]
files = [
    {file = "packaging-24.2-py3-none-any.whl", hash = "sha256:09abb1bccd265c01f4a3aa3f7a7db064b36514d2cba19a2f694fe6150451a759"},
    {file = "packaging-24.2.tar.gz", hash = "sha256:c228a6dc5e932d346bc5739379109d49e8853dd8223571c7c5b55260edc0b97f"},
]

[[package]]
name = "pathspec"
version = "0.12.1"
description = "Utility library for gitignore style pattern matching of file paths."
optional = false
python-versions = ">=3.8"
groups = ["dev"]
files = [
    {file = "pathspec-0.12.1-py3-none-any.whl", hash = "sha256:a0d503e138a4c123b27490a4f7beda6a01c6f288df0e4a8b79c7eb0dc7b4cc08"},
    {file = "pathspec-0.12.1.tar.gz", hash = "sha256:a482d51503a1ab33b1c67a6c3813a26953dbdc71c31dacaef9a838c4e29f5712"},
]

[[package]]
name = "platformdirs"
version = "4.3.6"
description = "A small Python package for determining appropriate platform-specific dirs, e.g. a `user data dir`."
optional = false
python-versions = ">=3.8"
groups = ["dev"]
files = [
    {file = "platformdirs-4.3.6-py3-none-any.whl", hash = "sha256:73e575e1408ab8103900836b97580d5307456908a03e92031bab39e4554cc3fb"},
    {file = "platformdirs-4.3.6.tar.gz", hash = "sha256:357fb2acbc885b0419afd3ce3ed34564c13c9b95c89360cd9563f73aa5e2b907"},
]

[package.extras]
docs = ["furo (>=2024.8.6)", "proselint (>=0.14)", "sphinx (>=8.0.2)", "sphinx-autodoc-typehints (>=2.4)"]
test = ["appdirs (==1.4.4)", "covdefaults (>=2.3)", "pytest (>=8.3.2)", "pytest-cov (>=5)", "pytest-mock (>=3.14)"]
type = ["mypy (>=1.11.2)"]

[[package]]
name = "pluggy"
version = "1.5.0"
description = "plugin and hook calling mechanisms for python"
optional = false
python-versions = ">=3.8"
groups = ["dev"]
files = [
    {file = "pluggy-1.5.0-py3-none-any.whl", hash = "sha256:44e1ad92c8ca002de6377e165f3e0f1be63266ab4d554740532335b9d75ea669"},
    {file = "pluggy-1.5.0.tar.gz", hash = "sha256:2cffa88e94fdc978c4c574f15f9e59b7f4201d439195c3715ca9e2486f1d0cf1"},
]

[package.extras]
dev = ["pre-commit", "tox"]
testing = ["pytest", "pytest-benchmark"]

[[package]]
name = "pytest"
version = "8.3.4"
description = "pytest: simple powerful testing with Python"
optional = false
python-versions = ">=3.8"
groups = ["dev"]
files = [
    {file = "pytest-8.3.4-py3-none-any.whl", hash = "sha256:50e16d954148559c9a74109af1eaf0c945ba2d8f30f0a3d3335edde19788b6f6"},
    {file = "pytest-8.3.4.tar.gz", hash = "sha256:965370d062bce11e73868e0335abac31b4d3de0e82f4007408d242b4f8610761"},
]

[package.dependencies]
colorama = {version = "*", markers = "sys_platform == \"win32\""}
iniconfig = "*"
packaging = "*"
pluggy = ">=1.5,<2"

[package.extras]
dev = ["argcomplete", "attrs (>=19.2)", "hypothesis (>=3.56)", "mock", "pygments (>=2.7.2)", "requests", "setuptools", "xmlschema"]

[[package]]
name = "pytest-cov"
version = "6.0.0"
description = "Pytest plugin for measuring coverage."
optional = false
python-versions = ">=3.9"
groups = ["dev"]
files = [
    {file = "pytest-cov-6.0.0.tar.gz", hash = "sha256:fde0b595ca248bb8e2d76f020b465f3b107c9632e6a1d1705f17834c89dcadc0"},
    {file = "pytest_cov-6.0.0-py3-none-any.whl", hash = "sha256:eee6f1b9e61008bd34975a4d5bab25801eb31898b032dd55addc93e96fcaaa35"},
]

[package.dependencies]
coverage = {version = ">=7.5", extras = ["toml"]}
pytest = ">=4.6"

[package.extras]
testing = ["fields", "hunter", "process-tests", "pytest-xdist", "virtualenv"]

[[package]]
name = "websockets"
version = "14.2"
description = "An implementation of the WebSocket Protocol (RFC 6455 & 7692)"
optional = false
python-versions = ">=3.9"
groups = ["main"]
files = [
    {file = "websockets-14.2-cp310-cp310-macosx_10_9_universal2.whl", hash = "sha256:e8179f95323b9ab1c11723e5d91a89403903f7b001828161b480a7810b334885"},
    {file = "websockets-14.2-cp310-cp310-macosx_10_9_x86_64.whl", hash = "sha256:0d8c3e2cdb38f31d8bd7d9d28908005f6fa9def3324edb9bf336d7e4266fd397"},
    {file = "websockets-14.2-cp310-cp310-macosx_11_0_arm64.whl", hash = "sha256:714a9b682deb4339d39ffa674f7b674230227d981a37d5d174a4a83e3978a610"},
    {file = "websockets-14.2-cp310-cp310-manylinux_2_17_aarch64.manylinux2014_aarch64.whl", hash = "sha256:f2e53c72052f2596fb792a7acd9704cbc549bf70fcde8a99e899311455974ca3"},
    {file = "websockets-14.2-cp310-cp310-manylinux_2_5_i686.manylinux1_i686.manylinux_2_17_i686.manylinux2014_i686.whl", hash = "sha256:e3fbd68850c837e57373d95c8fe352203a512b6e49eaae4c2f4088ef8cf21980"},
    {file = "websockets-14.2-cp310-cp310-manylinux_2_5_x86_64.manylinux1_x86_64.manylinux_2_17_x86_64.manylinux2014_x86_64.whl", hash = "sha256:4b27ece32f63150c268593d5fdb82819584831a83a3f5809b7521df0685cd5d8"},
    {file = "websockets-14.2-cp310-cp310-musllinux_1_2_aarch64.whl", hash = "sha256:4daa0faea5424d8713142b33825fff03c736f781690d90652d2c8b053345b0e7"},
    {file = "websockets-14.2-cp310-cp310-musllinux_1_2_i686.whl", hash = "sha256:bc63cee8596a6ec84d9753fd0fcfa0452ee12f317afe4beae6b157f0070c6c7f"},
    {file = "websockets-14.2-cp310-cp310-musllinux_1_2_x86_64.whl", hash = "sha256:7a570862c325af2111343cc9b0257b7119b904823c675b22d4ac547163088d0d"},
    {file = "websockets-14.2-cp310-cp310-win32.whl", hash = "sha256:75862126b3d2d505e895893e3deac0a9339ce750bd27b4ba515f008b5acf832d"},
    {file = "websockets-14.2-cp310-cp310-win_amd64.whl", hash = "sha256:cc45afb9c9b2dc0852d5c8b5321759cf825f82a31bfaf506b65bf4668c96f8b2"},
    {file = "websockets-14.2-cp311-cp311-macosx_10_9_universal2.whl", hash = "sha256:3bdc8c692c866ce5fefcaf07d2b55c91d6922ac397e031ef9b774e5b9ea42166"},
    {file = "websockets-14.2-cp311-cp311-macosx_10_9_x86_64.whl", hash = "sha256:c93215fac5dadc63e51bcc6dceca72e72267c11def401d6668622b47675b097f"},
    {file = "websockets-14.2-cp311-cp311-macosx_11_0_arm64.whl", hash = "sha256:1c9b6535c0e2cf8a6bf938064fb754aaceb1e6a4a51a80d884cd5db569886910"},
    {file = "websockets-14.2-cp311-cp311-manylinux_2_17_aarch64.manylinux2014_aarch64.whl", hash = "sha256:0a52a6d7cf6938e04e9dceb949d35fbdf58ac14deea26e685ab6368e73744e4c"},
    {file = "websockets-14.2-cp311-cp311-manylinux_2_5_i686.manylinux1_i686.manylinux_2_17_i686.manylinux2014_i686.whl", hash = "sha256:9f05702e93203a6ff5226e21d9b40c037761b2cfb637187c9802c10f58e40473"},
    {file = "websockets-14.2-cp311-cp311-manylinux_2_5_x86_64.manylinux1_x86_64.manylinux_2_17_x86_64.manylinux2014_x86_64.whl", hash = "sha256:22441c81a6748a53bfcb98951d58d1af0661ab47a536af08920d129b4d1c3473"},
    {file = "websockets-14.2-cp311-cp311-musllinux_1_2_aarch64.whl", hash = "sha256:efd9b868d78b194790e6236d9cbc46d68aba4b75b22497eb4ab64fa640c3af56"},
    {file = "websockets-14.2-cp311-cp311-musllinux_1_2_i686.whl", hash = "sha256:1a5a20d5843886d34ff8c57424cc65a1deda4375729cbca4cb6b3353f3ce4142"},
    {file = "websockets-14.2-cp311-cp311-musllinux_1_2_x86_64.whl", hash = "sha256:34277a29f5303d54ec6468fb525d99c99938607bc96b8d72d675dee2b9f5bf1d"},
    {file = "websockets-14.2-cp311-cp311-win32.whl", hash = "sha256:02687db35dbc7d25fd541a602b5f8e451a238ffa033030b172ff86a93cb5dc2a"},
    {file = "websockets-14.2-cp311-cp311-win_amd64.whl", hash = "sha256:862e9967b46c07d4dcd2532e9e8e3c2825e004ffbf91a5ef9dde519ee2effb0b"},
    {file = "websockets-14.2-cp312-cp312-macosx_10_13_universal2.whl", hash = "sha256:1f20522e624d7ffbdbe259c6b6a65d73c895045f76a93719aa10cd93b3de100c"},
    {file = "websockets-14.2-cp312-cp312-macosx_10_13_x86_64.whl", hash = "sha256:647b573f7d3ada919fd60e64d533409a79dcf1ea21daeb4542d1d996519ca967"},
    {file = "websockets-14.2-cp312-cp312-macosx_11_0_arm64.whl", hash = "sha256:6af99a38e49f66be5a64b1e890208ad026cda49355661549c507152113049990"},
    {file = "websockets-14.2-cp312-cp312-manylinux_2_17_aarch64.manylinux2014_aarch64.whl", hash = "sha256:091ab63dfc8cea748cc22c1db2814eadb77ccbf82829bac6b2fbe3401d548eda"},
    {file = "websockets-14.2-cp312-cp312-manylinux_2_5_i686.manylinux1_i686.manylinux_2_17_i686.manylinux2014_i686.whl", hash = "sha256:b374e8953ad477d17e4851cdc66d83fdc2db88d9e73abf755c94510ebddceb95"},
    {file = "websockets-14.2-cp312-cp312-manylinux_2_5_x86_64.manylinux1_x86_64.manylinux_2_17_x86_64.manylinux2014_x86_64.whl", hash = "sha256:a39d7eceeea35db85b85e1169011bb4321c32e673920ae9c1b6e0978590012a3"},
    {file = "websockets-14.2-cp312-cp312-musllinux_1_2_aarch64.whl", hash = "sha256:0a6f3efd47ffd0d12080594f434faf1cd2549b31e54870b8470b28cc1d3817d9"},
    {file = "websockets-14.2-cp312-cp312-musllinux_1_2_i686.whl", hash = "sha256:065ce275e7c4ffb42cb738dd6b20726ac26ac9ad0a2a48e33ca632351a737267"},
    {file = "websockets-14.2-cp312-cp312-musllinux_1_2_x86_64.whl", hash = "sha256:e9d0e53530ba7b8b5e389c02282f9d2aa47581514bd6049d3a7cffe1385cf5fe"},
    {file = "websockets-14.2-cp312-cp312-win32.whl", hash = "sha256:20e6dd0984d7ca3037afcb4494e48c74ffb51e8013cac71cf607fffe11df7205"},
    {file = "websockets-14.2-cp312-cp312-win_amd64.whl", hash = "sha256:44bba1a956c2c9d268bdcdf234d5e5ff4c9b6dc3e300545cbe99af59dda9dcce"},
    {file = "websockets-14.2-cp313-cp313-macosx_10_13_universal2.whl", hash = "sha256:6f1372e511c7409a542291bce92d6c83320e02c9cf392223272287ce55bc224e"},
    {file = "websockets-14.2-cp313-cp313-macosx_10_13_x86_64.whl", hash = "sha256:4da98b72009836179bb596a92297b1a61bb5a830c0e483a7d0766d45070a08ad"},
    {file = "websockets-14.2-cp313-cp313-macosx_11_0_arm64.whl", hash = "sha256:f8a86a269759026d2bde227652b87be79f8a734e582debf64c9d302faa1e9f03"},
    {file = "websockets-14.2-cp313-cp313-manylinux_2_17_aarch64.manylinux2014_aarch64.whl", hash = "sha256:86cf1aaeca909bf6815ea714d5c5736c8d6dd3a13770e885aafe062ecbd04f1f"},
    {file = "websockets-14.2-cp313-cp313-manylinux_2_5_i686.manylinux1_i686.manylinux_2_17_i686.manylinux2014_i686.whl", hash = "sha256:a9b0f6c3ba3b1240f602ebb3971d45b02cc12bd1845466dd783496b3b05783a5"},
    {file = "websockets-14.2-cp313-cp313-manylinux_2_5_x86_64.manylinux1_x86_64.manylinux_2_17_x86_64.manylinux2014_x86_64.whl", hash = "sha256:669c3e101c246aa85bc8534e495952e2ca208bd87994650b90a23d745902db9a"},
    {file = "websockets-14.2-cp313-cp313-musllinux_1_2_aarch64.whl", hash = "sha256:eabdb28b972f3729348e632ab08f2a7b616c7e53d5414c12108c29972e655b20"},
    {file = "websockets-14.2-cp313-cp313-musllinux_1_2_i686.whl", hash = "sha256:2066dc4cbcc19f32c12a5a0e8cc1b7ac734e5b64ac0a325ff8353451c4b15ef2"},
    {file = "websockets-14.2-cp313-cp313-musllinux_1_2_x86_64.whl", hash = "sha256:ab95d357cd471df61873dadf66dd05dd4709cae001dd6342edafc8dc6382f307"},
    {file = "websockets-14.2-cp313-cp313-win32.whl", hash = "sha256:a9e72fb63e5f3feacdcf5b4ff53199ec8c18d66e325c34ee4c551ca748623bbc"},
    {file = "websockets-14.2-cp313-cp313-win_amd64.whl", hash = "sha256:b439ea828c4ba99bb3176dc8d9b933392a2413c0f6b149fdcba48393f573377f"},
    {file = "websockets-14.2-cp39-cp39-macosx_10_9_universal2.whl", hash = "sha256:7cd5706caec1686c5d233bc76243ff64b1c0dc445339bd538f30547e787c11fe"},
    {file = "websockets-14.2-cp39-cp39-macosx_10_9_x86_64.whl", hash = "sha256:ec607328ce95a2f12b595f7ae4c5d71bf502212bddcea528290b35c286932b12"},
    {file = "websockets-14.2-cp39-cp39-macosx_11_0_arm64.whl", hash = "sha256:da85651270c6bfb630136423037dd4975199e5d4114cae6d3066641adcc9d1c7"},
    {file = "websockets-14.2-cp39-cp39-manylinux_2_17_aarch64.manylinux2014_aarch64.whl", hash = "sha256:c3ecadc7ce90accf39903815697917643f5b7cfb73c96702318a096c00aa71f5"},
    {file = "websockets-14.2-cp39-cp39-manylinux_2_5_i686.manylinux1_i686.manylinux_2_17_i686.manylinux2014_i686.whl", hash = "sha256:1979bee04af6a78608024bad6dfcc0cc930ce819f9e10342a29a05b5320355d0"},
    {file = "websockets-14.2-cp39-cp39-manylinux_2_5_x86_64.manylinux1_x86_64.manylinux_2_17_x86_64.manylinux2014_x86_64.whl", hash = "sha256:2dddacad58e2614a24938a50b85969d56f88e620e3f897b7d80ac0d8a5800258"},
    {file = "websockets-14.2-cp39-cp39-musllinux_1_2_aarch64.whl", hash = "sha256:89a71173caaf75fa71a09a5f614f450ba3ec84ad9fca47cb2422a860676716f0"},
    {file = "websockets-14.2-cp39-cp39-musllinux_1_2_i686.whl", hash = "sha256:6af6a4b26eea4fc06c6818a6b962a952441e0e39548b44773502761ded8cc1d4"},
    {file = "websockets-14.2-cp39-cp39-musllinux_1_2_x86_64.whl", hash = "sha256:80c8efa38957f20bba0117b48737993643204645e9ec45512579132508477cfc"},
    {file = "websockets-14.2-cp39-cp39-win32.whl", hash = "sha256:2e20c5f517e2163d76e2729104abc42639c41cf91f7b1839295be43302713661"},
    {file = "websockets-14.2-cp39-cp39-win_amd64.whl", hash = "sha256:b4c8cef610e8d7c70dea92e62b6814a8cd24fbd01d7103cc89308d2bfe1659ef"},
    {file = "websockets-14.2-pp310-pypy310_pp73-macosx_10_15_x86_64.whl", hash = "sha256:d7d9cafbccba46e768be8a8ad4635fa3eae1ffac4c6e7cb4eb276ba41297ed29"},
    {file = "websockets-14.2-pp310-pypy310_pp73-macosx_11_0_arm64.whl", hash = "sha256:c76193c1c044bd1e9b3316dcc34b174bbf9664598791e6fb606d8d29000e070c"},
    {file = "websockets-14.2-pp310-pypy310_pp73-manylinux_2_17_aarch64.manylinux2014_aarch64.whl", hash = "sha256:fd475a974d5352390baf865309fe37dec6831aafc3014ffac1eea99e84e83fc2"},
    {file = "websockets-14.2-pp310-pypy310_pp73-manylinux_2_5_i686.manylinux1_i686.manylinux_2_17_i686.manylinux2014_i686.whl", hash = "sha256:2c6c0097a41968b2e2b54ed3424739aab0b762ca92af2379f152c1aef0187e1c"},
    {file = "websockets-14.2-pp310-pypy310_pp73-manylinux_2_5_x86_64.manylinux1_x86_64.manylinux_2_17_x86_64.manylinux2014_x86_64.whl", hash = "sha256:6d7ff794c8b36bc402f2e07c0b2ceb4a2424147ed4785ff03e2a7af03711d60a"},
    {file = "websockets-14.2-pp310-pypy310_pp73-win_amd64.whl", hash = "sha256:dec254fcabc7bd488dab64846f588fc5b6fe0d78f641180030f8ea27b76d72c3"},
    {file = "websockets-14.2-pp39-pypy39_pp73-macosx_10_15_x86_64.whl", hash = "sha256:bbe03eb853e17fd5b15448328b4ec7fb2407d45fb0245036d06a3af251f8e48f"},
    {file = "websockets-14.2-pp39-pypy39_pp73-macosx_11_0_arm64.whl", hash = "sha256:a3c4aa3428b904d5404a0ed85f3644d37e2cb25996b7f096d77caeb0e96a3b42"},
    {file = "websockets-14.2-pp39-pypy39_pp73-manylinux_2_17_aarch64.manylinux2014_aarch64.whl", hash = "sha256:577a4cebf1ceaf0b65ffc42c54856214165fb8ceeba3935852fc33f6b0c55e7f"},
    {file = "websockets-14.2-pp39-pypy39_pp73-manylinux_2_5_i686.manylinux1_i686.manylinux_2_17_i686.manylinux2014_i686.whl", hash = "sha256:ad1c1d02357b7665e700eca43a31d52814ad9ad9b89b58118bdabc365454b574"},
    {file = "websockets-14.2-pp39-pypy39_pp73-manylinux_2_5_x86_64.manylinux1_x86_64.manylinux_2_17_x86_64.manylinux2014_x86_64.whl", hash = "sha256:f390024a47d904613577df83ba700bd189eedc09c57af0a904e5c39624621270"},
    {file = "websockets-14.2-pp39-pypy39_pp73-win_amd64.whl", hash = "sha256:3c1426c021c38cf92b453cdf371228d3430acd775edee6bac5a4d577efc72365"},
    {file = "websockets-14.2-py3-none-any.whl", hash = "sha256:7a6ceec4ea84469f15cf15807a747e9efe57e369c384fa86e022b3bea679b79b"},
    {file = "websockets-14.2.tar.gz", hash = "sha256:5059ed9c54945efb321f097084b4c7e52c246f2c869815876a69d1efc4ad6eb5"},
]

[metadata]
lock-version = "2.1"
python-versions = "3.12.1"
content-hash = "64008466be2dad900a466d2dd755772b06d0a27f6efaedeecc24ccf9a81dd8b5"
